
Microsoft Visual Studio Solution File, Format Version 12.00
Project("{FAE04EC0-301F-11D3-BF4B-00C04F79EFBC}") = "Microtopia.Tests", "Microtopia.Tests\Microtopia.Tests.csproj", "{F0946502-1A6D-4B41-912D-18A9E0EA7236}"
EndProject
Project("{FAE04EC0-301F-11D3-BF4B-00C04F79EFBC}") = "Microtopia.Dto", "Microtopia.Dto\Microtopia.Dto.csproj", "{7902C0EA-520B-48E0-B71A-5B2B00476CF5}"
EndProject
Project("{FAE04EC0-301F-11D3-BF4B-00C04F79EFBC}") = "NetCoreUtopia", "NetCoreUtopia\NetCoreUtopia.csproj", "{54A5E0EC-B781-4B09-B820-46C26AACF21C}"
EndProject
Project("{FAE04EC0-301F-11D3-BF4B-00C04F79EFBC}") = "Microtopia.Api", "Microtopia.Api\Microtopia.Api.csproj", "{F4D147EB-1353-413C-A2B6-F446B1D24553}"
EndProject
Global
	GlobalSection(SolutionConfigurationPlatforms) = preSolution
		Debug|Any CPU = Debug|Any CPU
		Release|Any CPU = Release|Any CPU
	EndGlobalSection
	GlobalSection(ProjectConfigurationPlatforms) = postSolution
		{F0946502-1A6D-4B41-912D-18A9E0EA7236}.Debug|Any CPU.ActiveCfg = Debug|Any CPU
		{F0946502-1A6D-4B41-912D-18A9E0EA7236}.Debug|Any CPU.Build.0 = Debug|Any CPU
		{F0946502-1A6D-4B41-912D-18A9E0EA7236}.Release|Any CPU.ActiveCfg = Release|Any CPU
		{F0946502-1A6D-4B41-912D-18A9E0EA7236}.Release|Any CPU.Build.0 = Release|Any CPU
		{7902C0EA-520B-48E0-B71A-5B2B00476CF5}.Debug|Any CPU.ActiveCfg = Debug|Any CPU
		{7902C0EA-520B-48E0-B71A-5B2B00476CF5}.Debug|Any CPU.Build.0 = Debug|Any CPU
		{7902C0EA-520B-48E0-B71A-5B2B00476CF5}.Release|Any CPU.ActiveCfg = Release|Any CPU
		{7902C0EA-520B-48E0-B71A-5B2B00476CF5}.Release|Any CPU.Build.0 = Release|Any CPU
		{54A5E0EC-B781-4B09-B820-46C26AACF21C}.Debug|Any CPU.ActiveCfg = Debug|Any CPU
		{54A5E0EC-B781-4B09-B820-46C26AACF21C}.Debug|Any CPU.Build.0 = Debug|Any CPU
		{54A5E0EC-B781-4B09-B820-46C26AACF21C}.Release|Any CPU.ActiveCfg = Release|Any CPU
		{54A5E0EC-B781-4B09-B820-46C26AACF21C}.Release|Any CPU.Build.0 = Release|Any CPU
		{F4D147EB-1353-413C-A2B6-F446B1D24553}.Debug|Any CPU.ActiveCfg = Debug|Any CPU
		{F4D147EB-1353-413C-A2B6-F446B1D24553}.Debug|Any CPU.Build.0 = Debug|Any CPU
		{F4D147EB-1353-413C-A2B6-F446B1D24553}.Release|Any CPU.ActiveCfg = Release|Any CPU
		{F4D147EB-1353-413C-A2B6-F446B1D24553}.Release|Any CPU.Build.0 = Release|Any CPU
	EndGlobalSection
EndGlobal
